
Microsoft Visual Studio Solution File, Format Version 12.00
# Visual Studio Version 17
VisualStudioVersion = 17.12.35707.178 d17.12
MinimumVisualStudioVersion = 10.0.40219.1
Project("{FAE04EC0-301F-11D3-BF4B-00C04F79EFBC}") = "Hotels.Entity", "Hotels.Entity\Hotels.Entity.csproj", "{4AA4ACB6-E525-492D-A94A-9B860E9D9640}"
EndProject
Project("{FAE04EC0-301F-11D3-BF4B-00C04F79EFBC}") = "Hotels.BusinessLogic", "Hotels.BusinessLogic\Hotels.BusinessLogic.csproj", "{3AF5418C-C4BA-44DC-A2F6-C295D6043322}"
EndProject
Project("{FAE04EC0-301F-11D3-BF4B-00C04F79EFBC}") = "Hotels.DataAccess", "Hotels.DataAccess\Hotels.DataAccess.csproj", "{BADD6A68-6805-49DF-99BB-D2DDF866396A}"
EndProject
Project("{FAE04EC0-301F-11D3-BF4B-00C04F79EFBC}") = "Hotels.WebApi", "Hotels.WebApi\Hotels.WebApi.csproj", "{164562E8-44B9-4A88-9DE3-A908FC6092CD}"
EndProject
Global
	GlobalSection(SolutionConfigurationPlatforms) = preSolution
		Debug|Any CPU = Debug|Any CPU
		Release|Any CPU = Release|Any CPU
	EndGlobalSection
	GlobalSection(ProjectConfigurationPlatforms) = postSolution
		{4AA4ACB6-E525-492D-A94A-9B860E9D9640}.Debug|Any CPU.ActiveCfg = Debug|Any CPU
		{4AA4ACB6-E525-492D-A94A-9B860E9D9640}.Debug|Any CPU.Build.0 = Debug|Any CPU
		{4AA4ACB6-E525-492D-A94A-9B860E9D9640}.Release|Any CPU.ActiveCfg = Release|Any CPU
		{4AA4ACB6-E525-492D-A94A-9B860E9D9640}.Release|Any CPU.Build.0 = Release|Any CPU
		{3AF5418C-C4BA-44DC-A2F6-C295D6043322}.Debug|Any CPU.ActiveCfg = Debug|Any CPU
		{3AF5418C-C4BA-44DC-A2F6-C295D6043322}.Debug|Any CPU.Build.0 = Debug|Any CPU
		{3AF5418C-C4BA-44DC-A2F6-C295D6043322}.Release|Any CPU.ActiveCfg = Release|Any CPU
		{3AF5418C-C4BA-44DC-A2F6-C295D6043322}.Release|Any CPU.Build.0 = Release|Any CPU
		{BADD6A68-6805-49DF-99BB-D2DDF866396A}.Debug|Any CPU.ActiveCfg = Debug|Any CPU
		{BADD6A68-6805-49DF-99BB-D2DDF866396A}.Debug|Any CPU.Build.0 = Debug|Any CPU
		{BADD6A68-6805-49DF-99BB-D2DDF866396A}.Release|Any CPU.ActiveCfg = Release|Any CPU
		{BADD6A68-6805-49DF-99BB-D2DDF866396A}.Release|Any CPU.Build.0 = Release|Any CPU
		{164562E8-44B9-4A88-9DE3-A908FC6092CD}.Debug|Any CPU.ActiveCfg = Debug|Any CPU
		{164562E8-44B9-4A88-9DE3-A908FC6092CD}.Debug|Any CPU.Build.0 = Debug|Any CPU
		{164562E8-44B9-4A88-9DE3-A908FC6092CD}.Release|Any CPU.ActiveCfg = Release|Any CPU
		{164562E8-44B9-4A88-9DE3-A908FC6092CD}.Release|Any CPU.Build.0 = Release|Any CPU
	EndGlobalSection
	GlobalSection(SolutionProperties) = preSolution
		HideSolutionNode = FALSE
	EndGlobalSection
EndGlobal
